{
  "name": "core",
  "lockfileVersion": 3,
  "requires": true,
  "packages": {
    "": {
      "dependencies": {
        "@renderix/core": "file:.."
      }
    },
    "..": {
      "name": "@renderix/core",
      "version": "0.1.0",
      "dependencies": {
        "dompurify": "^3.0.6",
        "highlight.js": "^11.9.0",
        "jsdom": "^23.0.1",
        "markdown-it": "^14.0.0"
      },
      "devDependencies": {
        "@types/jsdom": "^21.1.6",
        "@types/markdown-it": "^14.0.0",
        "typescript": "^5.3.3"
      }
    },
    "node_modules/@renderix/core": {
      "resolved": "..",
      "link": true
    }
  }
}
